
Microsoft Visual Studio Solution File, Format Version 12.00
# Visual Studio Version 16
VisualStudioVersion = 16.0.29306.81
MinimumVisualStudioVersion = 10.0.40219.1
Project("{FAE04EC0-301F-11D3-BF4B-00C04F79EFBC}") = "W01_W02_nLayers", "nLayers\W01_W02_nLayers.csproj", "{31D890A0-B3A8-4FA1-9CCB-564DC45DE631}"
EndProject
Project("{FAE04EC0-301F-11D3-BF4B-00C04F79EFBC}") = "W03_ClientServer", "ClientServer\W03_ClientServer.csproj", "{29427352-9E40-44DB-A1FB-695B4AF7117C}"
EndProject
Project("{FAE04EC0-301F-11D3-BF4B-00C04F79EFBC}") = "W04_AppShared", "AppShared\W04_AppShared.csproj", "{9BAB7210-888F-43C8-9979-0F86C508AF41}"
EndProject
Project("{FAE04EC0-301F-11D3-BF4B-00C04F79EFBC}") = "W04_AppServer", "W04_AppServer\W04_AppServer.csproj", "{63BF21C2-AD71-41A8-913E-F6F342EEBBA7}"
EndProject
Project("{FAE04EC0-301F-11D3-BF4B-00C04F79EFBC}") = "W04_AppClient", "W04_AppClient\W04_AppClient.csproj", "{06E6D492-A1F2-4F74-B561-3B6805D93E4C}"
EndProject
Project("{FAE04EC0-301F-11D3-BF4B-00C04F79EFBC}") = "W06_AppService", "W06_AppService\W06_AppService.csproj", "{C56BCC96-C3B6-4521-941A-A2D028833029}"
EndProject
Project("{FAE04EC0-301F-11D3-BF4B-00C04F79EFBC}") = "W07_WebServiceSOAP", "W07_WebServiceSOAP\W07_WebServiceSOAP.csproj", "{4F071ABE-C782-470C-90DF-CA71232CE58A}"
EndProject
Project("{FAE04EC0-301F-11D3-BF4B-00C04F79EFBC}") = "W07_WinFormsClient", "W07_WinFormsClient\W07_WinFormsClient.csproj", "{54258CE2-157E-44DF-9534-DF4EDA148BC0}"
EndProject
Project("{FAE04EC0-301F-11D3-BF4B-00C04F79EFBC}") = "W10_RESTfulService", "W10_RESTfulService\W10_RESTfulService.csproj", "{C5373670-F24A-45B0-96AC-274078743AD1}"
EndProject
Global
	GlobalSection(SolutionConfigurationPlatforms) = preSolution
		Debug|Any CPU = Debug|Any CPU
		Release|Any CPU = Release|Any CPU
	EndGlobalSection
	GlobalSection(ProjectConfigurationPlatforms) = postSolution
		{31D890A0-B3A8-4FA1-9CCB-564DC45DE631}.Debug|Any CPU.ActiveCfg = Debug|Any CPU
		{31D890A0-B3A8-4FA1-9CCB-564DC45DE631}.Debug|Any CPU.Build.0 = Debug|Any CPU
		{31D890A0-B3A8-4FA1-9CCB-564DC45DE631}.Release|Any CPU.ActiveCfg = Release|Any CPU
		{31D890A0-B3A8-4FA1-9CCB-564DC45DE631}.Release|Any CPU.Build.0 = Release|Any CPU
		{29427352-9E40-44DB-A1FB-695B4AF7117C}.Debug|Any CPU.ActiveCfg = Debug|Any CPU
		{29427352-9E40-44DB-A1FB-695B4AF7117C}.Debug|Any CPU.Build.0 = Debug|Any CPU
		{29427352-9E40-44DB-A1FB-695B4AF7117C}.Release|Any CPU.ActiveCfg = Release|Any CPU
		{29427352-9E40-44DB-A1FB-695B4AF7117C}.Release|Any CPU.Build.0 = Release|Any CPU
		{9BAB7210-888F-43C8-9979-0F86C508AF41}.Debug|Any CPU.ActiveCfg = Debug|Any CPU
		{9BAB7210-888F-43C8-9979-0F86C508AF41}.Debug|Any CPU.Build.0 = Debug|Any CPU
		{9BAB7210-888F-43C8-9979-0F86C508AF41}.Release|Any CPU.ActiveCfg = Release|Any CPU
		{9BAB7210-888F-43C8-9979-0F86C508AF41}.Release|Any CPU.Build.0 = Release|Any CPU
		{63BF21C2-AD71-41A8-913E-F6F342EEBBA7}.Debug|Any CPU.ActiveCfg = Debug|Any CPU
		{63BF21C2-AD71-41A8-913E-F6F342EEBBA7}.Debug|Any CPU.Build.0 = Debug|Any CPU
		{63BF21C2-AD71-41A8-913E-F6F342EEBBA7}.Release|Any CPU.ActiveCfg = Release|Any CPU
		{63BF21C2-AD71-41A8-913E-F6F342EEBBA7}.Release|Any CPU.Build.0 = Release|Any CPU
		{06E6D492-A1F2-4F74-B561-3B6805D93E4C}.Debug|Any CPU.ActiveCfg = Debug|Any CPU
		{06E6D492-A1F2-4F74-B561-3B6805D93E4C}.Debug|Any CPU.Build.0 = Debug|Any CPU
		{06E6D492-A1F2-4F74-B561-3B6805D93E4C}.Release|Any CPU.ActiveCfg = Release|Any CPU
		{06E6D492-A1F2-4F74-B561-3B6805D93E4C}.Release|Any CPU.Build.0 = Release|Any CPU
		{C56BCC96-C3B6-4521-941A-A2D028833029}.Debug|Any CPU.ActiveCfg = Debug|Any CPU
		{C56BCC96-C3B6-4521-941A-A2D028833029}.Debug|Any CPU.Build.0 = Debug|Any CPU
		{C56BCC96-C3B6-4521-941A-A2D028833029}.Release|Any CPU.ActiveCfg = Release|Any CPU
		{C56BCC96-C3B6-4521-941A-A2D028833029}.Release|Any CPU.Build.0 = Release|Any CPU
		{4F071ABE-C782-470C-90DF-CA71232CE58A}.Debug|Any CPU.ActiveCfg = Debug|Any CPU
		{4F071ABE-C782-470C-90DF-CA71232CE58A}.Debug|Any CPU.Build.0 = Debug|Any CPU
		{4F071ABE-C782-470C-90DF-CA71232CE58A}.Release|Any CPU.ActiveCfg = Release|Any CPU
		{4F071ABE-C782-470C-90DF-CA71232CE58A}.Release|Any CPU.Build.0 = Release|Any CPU
		{54258CE2-157E-44DF-9534-DF4EDA148BC0}.Debug|Any CPU.ActiveCfg = Debug|Any CPU
		{54258CE2-157E-44DF-9534-DF4EDA148BC0}.Debug|Any CPU.Build.0 = Debug|Any CPU
		{54258CE2-157E-44DF-9534-DF4EDA148BC0}.Release|Any CPU.ActiveCfg = Release|Any CPU
		{54258CE2-157E-44DF-9534-DF4EDA148BC0}.Release|Any CPU.Build.0 = Release|Any CPU
		{C5373670-F24A-45B0-96AC-274078743AD1}.Debug|Any CPU.ActiveCfg = Debug|Any CPU
		{C5373670-F24A-45B0-96AC-274078743AD1}.Debug|Any CPU.Build.0 = Debug|Any CPU
		{C5373670-F24A-45B0-96AC-274078743AD1}.Release|Any CPU.ActiveCfg = Release|Any CPU
		{C5373670-F24A-45B0-96AC-274078743AD1}.Release|Any CPU.Build.0 = Release|Any CPU
	EndGlobalSection
	GlobalSection(SolutionProperties) = preSolution
		HideSolutionNode = FALSE
	EndGlobalSection
	GlobalSection(ExtensibilityGlobals) = postSolution
		SolutionGuid = {4F59AD12-6E5B-4678-AA4B-0E528F977B2B}
	EndGlobalSection
EndGlobal
